// !$*UTF8*$!
{
	archiveVersion = 1;
	classes = {
	};
	objectVersion = 46;
	objects = {

/* Begin PBXBuildFile section */
		A9DDA7BF1A298FF30026AD83 /* main.m in Sources */ = {isa = PBXBuildFile; fileRef = A9DDA7BE1A298FF30026AD83 /* main.m */; };
		A9DDA7C21A298FF30026AD83 /* AppDelegate.m in Sources */ = {isa = PBXBuildFile; fileRef = A9DDA7C11A298FF30026AD83 /* AppDelegate.m */; };
		A9DDA7C51A298FF30026AD83 /* ViewController.m in Sources */ = {isa = PBXBuildFile; fileRef = A9DDA7C41A298FF30026AD83 /* ViewController.m */; };
		A9DDA7C81A298FF30026AD83 /* Main.storyboard in Resources */ = {isa = PBXBuildFile; fileRef = A9DDA7C61A298FF30026AD83 /* Main.storyboard */; };
		A9DDA7CA1A298FF30026AD83 /* Images.xcassets in Resources */ = {isa = PBXBuildFile; fileRef = A9DDA7C91A298FF30026AD83 /* Images.xcassets */; };
		A9DDA7CD1A298FF30026AD83 /* LaunchScreen.xib in Resources */ = {isa = PBXBuildFile; fileRef = A9DDA7CB1A298FF30026AD83 /* LaunchScreen.xib */; };
		A9DDA7D91A298FF30026AD83 /* _4______Tests.m in Sources */ = {isa = PBXBuildFile; fileRef = A9DDA7D81A298FF30026AD83 /* _4______Tests.m */; };
/* End PBXBuildFile section */

/* Begin PBXContainerItemProxy section */
		A9DDA7D31A298FF30026AD83 /* PBXContainerItemProxy */ = {
			isa = PBXContainerItemProxy;
			containerPortal = A9DDA7B11A298FF30026AD83 /* Project object */;
			proxyType = 1;
			remoteGlobalIDString = A9DDA7B81A298FF30026AD83;
			remoteInfo = "04-图片浏览器";
		};
/* End PBXContainerItemProxy section */

/* Begin PBXFileReference section */
		A9DDA7B91A298FF30026AD83 /* 04-图片浏览器.app */ = {isa = PBXFileReference; explicitFileType = wrapper.application; includeInIndex = 0; path = "04-图片浏览器.app"; sourceTree = BUILT_PRODUCTS_DIR; };
		A9DDA7BD1A298FF30026AD83 /* Info.plist */ = {isa = PBXFileReference; lastKnownFileType = text.plist.xml; path = Info.plist; sourceTree = "<group>"; };
		A9DDA7BE1A298FF30026AD83 /* main.m */ = {isa = PBXFileReference; lastKnownFileType = sourcecode.c.objc; path = main.m; sourceTree = "<group>"; };
		A9DDA7C01A298FF30026AD83 /* AppDelegate.h */ = {isa = PBXFileReference; lastKnownFileType = sourcecode.c.h; path = AppDelegate.h; sourceTree = "<group>"; };
		A9DDA7C11A298FF30026AD83 /* AppDelegate.m */ = {isa = PBXFileReference; lastKnownFileType = sourcecode.c.objc; path = AppDelegate.m; sourceTree = "<group>"; };
		A9DDA7C31A298FF30026AD83 /* ViewController.h */ = {isa = PBXFileReference; lastKnownFileType = sourcecode.c.h; path = ViewController.h; sourceTree = "<group>"; };
		A9DDA7C41A298FF30026AD83 /* ViewController.m */ = {isa = PBXFileReference; lastKnownFileType = sourcecode.c.objc; path = ViewController.m; sourceTree = "<group>"; };
		A9DDA7C71A298FF30026AD83 /* Base */ = {isa = PBXFileReference; lastKnownFileType = file.storyboard; name = Base; path = Base.lproj/Main.storyboard; sourceTree = "<group>"; };
		A9DDA7C91A298FF30026AD83 /* Images.xcassets */ = {isa = PBXFileReference; lastKnownFileType = folder.assetcatalog; path = Images.xcassets; sourceTree = "<group>"; };
		A9DDA7CC1A298FF30026AD83 /* Base */ = {isa = PBXFileReference; lastKnownFileType = file.xib; name = Base; path = Base.lproj/LaunchScreen.xib; sourceTree = "<group>"; };
		A9DDA7D21A298FF30026AD83 /* 04-图片浏览器Tests.xctest */ = {isa = PBXFileReference; explicitFileType = wrapper.cfbundle; includeInIndex = 0; path = "04-图片浏览器Tests.xctest"; sourceTree = BUILT_PRODUCTS_DIR; };
		A9DDA7D71A298FF30026AD83 /* Info.plist */ = {isa = PBXFileReference; lastKnownFileType = text.plist.xml; path = Info.plist; sourceTree = "<group>"; };
		A9DDA7D81A298FF30026AD83 /* _4______Tests.m */ = {isa = PBXFileReference; lastKnownFileType = sourcecode.c.objc; path = "_4______Tests.m"; sourceTree = "<group>"; };
/* End PBXFileReference section */

/* Begin PBXFrameworksBuildPhase section */
		A9DDA7B61A298FF30026AD83 /* Frameworks */ = {
			isa = PBXFrameworksBuildPhase;
			buildActionMask = 2147483647;
			files = (
			);
			runOnlyForDeploymentPostprocessing = 0;
		};
		A9DDA7CF1A298FF30026AD83 /* Frameworks */ = {
			isa = PBXFrameworksBuildPhase;
			buildActionMask = 2147483647;
			files = (
			);
			runOnlyForDeploymentPostprocessing = 0;
		};
/* End PBXFrameworksBuildPhase section */

/* Begin PBXGroup section */
		A9DDA7B01A298FF30026AD83 = {
			isa = PBXGroup;
			children = (
				A9DDA7BB1A298FF30026AD83 /* 04-图片浏览器 */,
				A9DDA7D51A298FF30026AD83 /* 04-图片浏览器Tests */,
				A9DDA7BA1A298FF30026AD83 /* Products */,
			);
			sourceTree = "<group>";
		};
		A9DDA7BA1A298FF30026AD83 /* Products */ = {
			isa = PBXGroup;
			children = (
				A9DDA7B91A298FF30026AD83 /* 04-图片浏览器.app */,
				A9DDA7D21A298FF30026AD83 /* 04-图片浏览器Tests.xctest */,
			);
			name = Products;
			sourceTree = "<group>";
		};
		A9DDA7BB1A298FF30026AD83 /* 04-图片浏览器 */ = {
			isa = PBXGroup;
			children = (
				A9DDA7C01A298FF30026AD83 /* AppDelegate.h */,
				A9DDA7C11A298FF30026AD83 /* AppDelegate.m */,
				A9DDA7C31A298FF30026AD83 /* ViewController.h */,
				A9DDA7C41A298FF30026AD83 /* ViewController.m */,
				A9DDA7C61A298FF30026AD83 /* Main.storyboard */,
				A9DDA7C91A298FF30026AD83 /* Images.xcassets */,
				A9DDA7CB1A298FF30026AD83 /* LaunchScreen.xib */,
				A9DDA7BC1A298FF30026AD83 /* Supporting Files */,
			);
			path = "04-图片浏览器";
			sourceTree = "<group>";
		};
		A9DDA7BC1A298FF30026AD83 /* Supporting Files */ = {
			isa = PBXGroup;
			children = (
				A9DDA7BD1A298FF30026AD83 /* Info.plist */,
				A9DDA7BE1A298FF30026AD83 /* main.m */,
			);
			name = "Supporting Files";
			sourceTree = "<group>";
		};
		A9DDA7D51A298FF30026AD83 /* 04-图片浏览器Tests */ = {
			isa = PBXGroup;
			children = (
				A9DDA7D81A298FF30026AD83 /* _4______Tests.m */,
				A9DDA7D61A298FF30026AD83 /* Supporting Files */,
			);
			path = "04-图片浏览器Tests";
			sourceTree = "<group>";
		};
		A9DDA7D61A298FF30026AD83 /* Supporting Files */ = {
			isa = PBXGroup;
			children = (
				A9DDA7D71A298FF30026AD83 /* Info.plist */,
			);
			name = "Supporting Files";
			sourceTree = "<group>";
		};
/* End PBXGroup section */

/* Begin PBXNativeTarget section */
		A9DDA7B81A298FF30026AD83 /* 04-图片浏览器 */ = {
			isa = PBXNativeTarget;
			buildConfigurationList = A9DDA7DC1A298FF30026AD83 /* Build configuration list for PBXNativeTarget "04-图片浏览器" */;
			buildPhases = (
				A9DDA7B51A298FF30026AD83 /* Sources */,
				A9DDA7B61A298FF30026AD83 /* Frameworks */,
				A9DDA7B71A298FF30026AD83 /* Resources */,
			);
			buildRules = (
			);
			dependencies = (
			);
			name = "04-图片浏览器";
			productName = "04-图片浏览器";
			productReference = A9DDA7B91A298FF30026AD83 /* 04-图片浏览器.app */;
			productType = "com.apple.product-type.application";
		};
		A9DDA7D11A298FF30026AD83 /* 04-图片浏览器Tests */ = {
			isa = PBXNativeTarget;
			buildConfigurationList = A9DDA7DF1A298FF30026AD83 /* Build configuration list for PBXNativeTarget "04-图片浏览器Tests" */;
			buildPhases = (
				A9DDA7CE1A298FF30026AD83 /* Sources */,
				A9DDA7CF1A298FF30026AD83 /* Frameworks */,
				A9DDA7D01A298FF30026AD83 /* Resources */,
			);
			buildRules = (
			);
			dependencies = (
				A9DDA7D41A298FF30026AD83 /* PBXTargetDependency */,
			);
			name = "04-图片浏览器Tests";
			productName = "04-图片浏览器Tests";
			productReference = A9DDA7D21A298FF30026AD83 /* 04-图片浏览器Tests.xctest */;
			productType = "com.apple.product-type.bundle.unit-test";
		};
/* End PBXNativeTarget section */

/* Begin PBXProject section */
		A9DDA7B11A298FF30026AD83 /* Project object */ = {
			isa = PBXProject;
			attributes = {
				LastUpgradeCheck = 0610;
				ORGANIZATIONNAME = jintao;
				TargetAttributes = {
					A9DDA7B81A298FF30026AD83 = {
						CreatedOnToolsVersion = 6.1;
					};
					A9DDA7D11A298FF30026AD83 = {
						CreatedOnToolsVersion = 6.1;
						TestTargetID = A9DDA7B81A298FF30026AD83;
					};
				};
			};
			buildConfigurationList = A9DDA7B41A298FF30026AD83 /* Build configuration list for PBXProject "04-图片浏览器" */;
			compatibilityVersion = "Xcode 3.2";
			developmentRegion = English;
			hasScannedForEncodings = 0;
			knownRegions = (
				en,
				Base,
			);
			mainGroup = A9DDA7B01A298FF30026AD83;
			productRefGroup = A9DDA7BA1A298FF30026AD83 /* Products */;
			projectDirPath = "";
			projectRoot = "";
			targets = (
				A9DDA7B81A298FF30026AD83 /* 04-图片浏览器 */,
				A9DDA7D11A298FF30026AD83 /* 04-图片浏览器Tests */,
			);
		};
/* End PBXProject section */

/* Begin PBXResourcesBuildPhase section */
		A9DDA7B71A298FF30026AD83 /* Resources */ = {
			isa = PBXResourcesBuildPhase;
			buildActionMask = 2147483647;
			files = (
				A9DDA7C81A298FF30026AD83 /* Main.storyboard in Resources */,
				A9DDA7CD1A298FF30026AD83 /* LaunchScreen.xib in Resources */,
				A9DDA7CA1A298FF30026AD83 /* Images.xcassets in Resources */,
			);
			runOnlyForDeploymentPostprocessing = 0;
		};
		A9DDA7D01A298FF30026AD83 /* Resources */ = {
			isa = PBXResourcesBuildPhase;
			buildActionMask = 2147483647;
			files = (
			);
			runOnlyForDeploymentPostprocessing = 0;
		};
/* End PBXResourcesBuildPhase section */

/* Begin PBXSourcesBuildPhase section */
		A9DDA7B51A298FF30026AD83 /* Sources */ = {
			isa = PBXSourcesBuildPhase;
			buildActionMask = 2147483647;
			files = (
				A9DDA7C51A298FF30026AD83 /* ViewController.m in Sources */,
				A9DDA7C21A298FF30026AD83 /* AppDelegate.m in Sources */,
				A9DDA7BF1A298FF30026AD83 /* main.m in Sources */,
			);
			runOnlyForDeploymentPostprocessing = 0;
		};
		A9DDA7CE1A298FF30026AD83 /* Sources */ = {
			isa = PBXSourcesBuildPhase;
			buildActionMask = 2147483647;
			files = (
				A9DDA7D91A298FF30026AD83 /* _4______Tests.m in Sources */,
			);
			runOnlyForDeploymentPostprocessing = 0;
		};
/* End PBXSourcesBuildPhase section */

/* Begin PBXTargetDependency section */
		A9DDA7D41A298FF30026AD83 /* PBXTargetDependency */ = {
			isa = PBXTargetDependency;
			target = A9DDA7B81A298FF30026AD83 /* 04-图片浏览器 */;
			targetProxy = A9DDA7D31A298FF30026AD83 /* PBXContainerItemProxy */;
		};
/* End PBXTargetDependency section */

/* Begin PBXVariantGroup section */
		A9DDA7C61A298FF30026AD83 /* Main.storyboard */ = {
			isa = PBXVariantGroup;
			children = (
				A9DDA7C71A298FF30026AD83 /* Base */,
			);
			name = Main.storyboard;
			sourceTree = "<group>";
		};
		A9DDA7CB1A298FF30026AD83 /* LaunchScreen.xib */ = {
			isa = PBXVariantGroup;
			children = (
				A9DDA7CC1A298FF30026AD83 /* Base */,
			);
			name = LaunchScreen.xib;
			sourceTree = "<group>";
		};
/* End PBXVariantGroup section */

/* Begin XCBuildConfiguration section */
		A9DDA7DA1A298FF30026AD83 /* Debug */ = {
			isa = XCBuildConfiguration;
			buildSettings = {
				ALWAYS_SEARCH_USER_PATHS = NO;
				CLANG_CXX_LANGUAGE_STANDARD = "gnu++0x";
				CLANG_CXX_LIBRARY = "libc++";
				CLANG_ENABLE_MODULES = YES;
				CLANG_ENABLE_OBJC_ARC = YES;
				CLANG_WARN_BOOL_CONVERSION = YES;
				CLANG_WARN_CONSTANT_CONVERSION = YES;
				CLANG_WARN_DIRECT_OBJC_ISA_USAGE = YES_ERROR;
				CLANG_WARN_EMPTY_BODY = YES;
				CLANG_WARN_ENUM_CONVERSION = YES;
				CLANG_WARN_INT_CONVERSION = YES;
				CLANG_WARN_OBJC_ROOT_CLASS = YES_ERROR;
				CLANG_WARN_UNREACHABLE_CODE = YES;
				CLANG_WARN__DUPLICATE_METHOD_MATCH = YES;
				"CODE_SIGN_IDENTITY[sdk=iphoneos*]" = "iPhone Developer";
				COPY_PHASE_STRIP = NO;
				ENABLE_STRICT_OBJC_MSGSEND = YES;
				GCC_C_LANGUAGE_STANDARD = gnu99;
				GCC_DYNAMIC_NO_PIC = NO;
				GCC_OPTIMIZATION_LEVEL = 0;
				GCC_PREPROCESSOR_DEFINITIONS = (
					"DEBUG=1",
					"$(inherited)",
				);
				GCC_SYMBOLS_PRIVATE_EXTERN = NO;
				GCC_WARN_64_TO_32_BIT_CONVERSION = YES;
				GCC_WARN_ABOUT_RETURN_TYPE = YES_ERROR;
				GCC_WARN_UNDECLARED_SELECTOR = YES;
				GCC_WARN_UNINITIALIZED_AUTOS = YES_AGGRESSIVE;
				GCC_WARN_UNUSED_FUNCTION = YES;
				GCC_WARN_UNUSED_VARIABLE = YES;
				IPHONEOS_DEPLOYMENT_TARGET = 8.1;
				MTL_ENABLE_DEBUG_INFO = YES;
				ONLY_ACTIVE_ARCH = YES;
				SDKROOT = iphoneos;
			};
			name = Debug;
		};
		A9DDA7DB1A298FF30026AD83 /* Release */ = {
			isa = XCBuildConfiguration;
			buildSettings = {
				ALWAYS_SEARCH_USER_PATHS = NO;
				CLANG_CXX_LANGUAGE_STANDARD = "gnu++0x";
				CLANG_CXX_LIBRARY = "libc++";
				CLANG_ENABLE_MODULES = YES;
				CLANG_ENABLE_OBJC_ARC = YES;
				CLANG_WARN_BOOL_CONVERSION = YES;
				CLANG_WARN_CONSTANT_CONVERSION = YES;
				CLANG_WARN_DIRECT_OBJC_ISA_USAGE = YES_ERROR;
				CLANG_WARN_EMPTY_BODY = YES;
				CLANG_WARN_ENUM_CONVERSION = YES;
				CLANG_WARN_INT_CONVERSION = YES;
				CLANG_WARN_OBJC_ROOT_CLASS = YES_ERROR;
				CLANG_WARN_UNREACHABLE_CODE = YES;
				CLANG_WARN__DUPLICATE_METHOD_MATCH = YES;
				"CODE_SIGN_IDENTITY[sdk=iphoneos*]" = "iPhone Developer";
				COPY_PHASE_STRIP = YES;
				ENABLE_NS_ASSERTIONS = NO;
				ENABLE_STRICT_OBJC_MSGSEND = YES;
				GCC_C_LANGUAGE_STANDARD = gnu99;
				GCC_WARN_64_TO_32_BIT_CONVERSION = YES;
				GCC_WARN_ABOUT_RETURN_TYPE = YES_ERROR;
				GCC_WARN_UNDECLARED_SELECTOR = YES;
				GCC_WARN_UNINITIALIZED_AUTOS = YES_AGGRESSIVE;
				GCC_WARN_UNUSED_FUNCTION = YES;
				GCC_WARN_UNUSED_VARIABLE = YES;
				IPHONEOS_DEPLOYMENT_TARGET = 8.1;
				MTL_ENABLE_DEBUG_INFO = NO;
				SDKROOT = iphoneos;
				VALIDATE_PRODUCT = YES;
			};
			name = Release;
		};
		A9DDA7DD1A298FF30026AD83 /* Debug */ = {
			isa = XCBuildConfiguration;
			buildSettings = {
				ASSETCATALOG_COMPILER_APPICON_NAME = AppIcon;
				INFOPLIST_FILE = "04-图片浏览器/Info.plist";
				LD_RUNPATH_SEARCH_PATHS = "$(inherited) @executable_path/Frameworks";
				PRODUCT_NAME = "$(TARGET_NAME)";
			};
			name = Debug;
		};
		A9DDA7DE1A298FF30026AD83 /* Release */ = {
			isa = XCBuildConfiguration;
			buildSettings = {
				ASSETCATALOG_COMPILER_APPICON_NAME = AppIcon;
				INFOPLIST_FILE = "04-图片浏览器/Info.plist";
				LD_RUNPATH_SEARCH_PATHS = "$(inherited) @executable_path/Frameworks";
				PRODUCT_NAME = "$(TARGET_NAME)";
			};
			name = Release;
		};
		A9DDA7E01A298FF30026AD83 /* Debug */ = {
			isa = XCBuildConfiguration;
			buildSettings = {
				BUNDLE_LOADER = "$(TEST_HOST)";
				FRAMEWORK_SEARCH_PATHS = (
					"$(SDKROOT)/Developer/Library/Frameworks",
					"$(inherited)",
				);
				GCC_PREPROCESSOR_DEFINITIONS = (
					"DEBUG=1",
					"$(inherited)",
				);
				INFOPLIST_FILE = "04-图片浏览器Tests/Info.plist";
				LD_RUNPATH_SEARCH_PATHS = "$(inherited) @executable_path/Frameworks @loader_path/Frameworks";
				PRODUCT_NAME = "$(TARGET_NAME)";
				TEST_HOST = "$(BUILT_PRODUCTS_DIR)/04-图片浏览器.app/04-图片浏览器";
			};
			name = Debug;
		};
		A9DDA7E11A298FF30026AD83 /* Release */ = {
			isa = XCBuildConfiguration;
			buildSettings = {
				BUNDLE_LOADER = "$(TEST_HOST)";
				FRAMEWORK_SEARCH_PATHS = (
					"$(SDKROOT)/Developer/Library/Frameworks",
					"$(inherited)",
				);
				INFOPLIST_FILE = "04-图片浏览器Tests/Info.plist";
				LD_RUNPATH_SEARCH_PATHS = "$(inherited) @executable_path/Frameworks @loader_path/Frameworks";
				PRODUCT_NAME = "$(TARGET_NAME)";
				TEST_HOST = "$(BUILT_PRODUCTS_DIR)/04-图片浏览器.app/04-图片浏览器";
			};
			name = Release;
		};
/* End XCBuildConfiguration section */

/* Begin XCConfigurationList section */
		A9DDA7B41A298FF30026AD83 /* Build configuration list for PBXProject "04-图片浏览器" */ = {
			isa = XCConfigurationList;
			buildConfigurations = (
				A9DDA7DA1A298FF30026AD83 /* Debug */,
				A9DDA7DB1A298FF30026AD83 /* Release */,
			);
			defaultConfigurationIsVisible = 0;
			defaultConfigurationName = Release;
		};
		A9DDA7DC1A298FF30026AD83 /* Build configuration list for PBXNativeTarget "04-图片浏览器" */ = {
			isa = XCConfigurationList;
			buildConfigurations = (
				A9DDA7DD1A298FF30026AD83 /* Debug */,
				A9DDA7DE1A298FF30026AD83 /* Release */,
			);
			defaultConfigurationIsVisible = 0;
		};
		A9DDA7DF1A298FF30026AD83 /* Build configuration list for PBXNativeTarget "04-图片浏览器Tests" */ = {
			isa = XCConfigurationList;
			buildConfigurations = (
				A9DDA7E01A298FF30026AD83 /* Debug */,
				A9DDA7E11A298FF30026AD83 /* Release */,
			);
			defaultConfigurationIsVisible = 0;
		};
/* End XCConfigurationList section */
	};
	rootObject = A9DDA7B11A298FF30026AD83 /* Project object */;
}
