// !$*UTF8*$!
{
	archiveVersion = 1;
	classes = {
	};
	objectVersion = 46;
	objects = {

/* Begin PBXBuildFile section */
		A9A1C8081A1A0D2800D0CDA2 /* main.m in Sources */ = {isa = PBXBuildFile; fileRef = A9A1C8071A1A0D2800D0CDA2 /* main.m */; };
		A9A1C80B1A1A0D2800D0CDA2 /* AppDelegate.m in Sources */ = {isa = PBXBuildFile; fileRef = A9A1C80A1A1A0D2800D0CDA2 /* AppDelegate.m */; };
		A9A1C80E1A1A0D2800D0CDA2 /* ViewController.m in Sources */ = {isa = PBXBuildFile; fileRef = A9A1C80D1A1A0D2800D0CDA2 /* ViewController.m */; };
		A9A1C8111A1A0D2800D0CDA2 /* Main.storyboard in Resources */ = {isa = PBXBuildFile; fileRef = A9A1C80F1A1A0D2800D0CDA2 /* Main.storyboard */; };
		A9A1C8131A1A0D2800D0CDA2 /* Images.xcassets in Resources */ = {isa = PBXBuildFile; fileRef = A9A1C8121A1A0D2800D0CDA2 /* Images.xcassets */; };
		A9A1C8161A1A0D2800D0CDA2 /* LaunchScreen.xib in Resources */ = {isa = PBXBuildFile; fileRef = A9A1C8141A1A0D2800D0CDA2 /* LaunchScreen.xib */; };
		A9A1C8221A1A0D2900D0CDA2 /* _1______Tests.m in Sources */ = {isa = PBXBuildFile; fileRef = A9A1C8211A1A0D2900D0CDA2 /* _1______Tests.m */; };
/* End PBXBuildFile section */

/* Begin PBXContainerItemProxy section */
		A9A1C81C1A1A0D2800D0CDA2 /* PBXContainerItemProxy */ = {
			isa = PBXContainerItemProxy;
			containerPortal = A9A1C7FA1A1A0D2800D0CDA2 /* Project object */;
			proxyType = 1;
			remoteGlobalIDString = A9A1C8011A1A0D2800D0CDA2;
			remoteInfo = "01-加法计算器";
		};
/* End PBXContainerItemProxy section */

/* Begin PBXFileReference section */
		A9A1C8021A1A0D2800D0CDA2 /* 01-加法计算器.app */ = {isa = PBXFileReference; explicitFileType = wrapper.application; includeInIndex = 0; path = "01-加法计算器.app"; sourceTree = BUILT_PRODUCTS_DIR; };
		A9A1C8061A1A0D2800D0CDA2 /* Info.plist */ = {isa = PBXFileReference; lastKnownFileType = text.plist.xml; path = Info.plist; sourceTree = "<group>"; };
		A9A1C8071A1A0D2800D0CDA2 /* main.m */ = {isa = PBXFileReference; lastKnownFileType = sourcecode.c.objc; path = main.m; sourceTree = "<group>"; };
		A9A1C8091A1A0D2800D0CDA2 /* AppDelegate.h */ = {isa = PBXFileReference; lastKnownFileType = sourcecode.c.h; path = AppDelegate.h; sourceTree = "<group>"; };
		A9A1C80A1A1A0D2800D0CDA2 /* AppDelegate.m */ = {isa = PBXFileReference; lastKnownFileType = sourcecode.c.objc; path = AppDelegate.m; sourceTree = "<group>"; };
		A9A1C80C1A1A0D2800D0CDA2 /* ViewController.h */ = {isa = PBXFileReference; lastKnownFileType = sourcecode.c.h; path = ViewController.h; sourceTree = "<group>"; };
		A9A1C80D1A1A0D2800D0CDA2 /* ViewController.m */ = {isa = PBXFileReference; lastKnownFileType = sourcecode.c.objc; path = ViewController.m; sourceTree = "<group>"; };
		A9A1C8101A1A0D2800D0CDA2 /* Base */ = {isa = PBXFileReference; lastKnownFileType = file.storyboard; name = Base; path = Base.lproj/Main.storyboard; sourceTree = "<group>"; };
		A9A1C8121A1A0D2800D0CDA2 /* Images.xcassets */ = {isa = PBXFileReference; lastKnownFileType = folder.assetcatalog; path = Images.xcassets; sourceTree = "<group>"; };
		A9A1C8151A1A0D2800D0CDA2 /* Base */ = {isa = PBXFileReference; lastKnownFileType = file.xib; name = Base; path = Base.lproj/LaunchScreen.xib; sourceTree = "<group>"; };
		A9A1C81B1A1A0D2800D0CDA2 /* 01-加法计算器Tests.xctest */ = {isa = PBXFileReference; explicitFileType = wrapper.cfbundle; includeInIndex = 0; path = "01-加法计算器Tests.xctest"; sourceTree = BUILT_PRODUCTS_DIR; };
		A9A1C8201A1A0D2900D0CDA2 /* Info.plist */ = {isa = PBXFileReference; lastKnownFileType = text.plist.xml; path = Info.plist; sourceTree = "<group>"; };
		A9A1C8211A1A0D2900D0CDA2 /* _1______Tests.m */ = {isa = PBXFileReference; lastKnownFileType = sourcecode.c.objc; path = "_1______Tests.m"; sourceTree = "<group>"; };
/* End PBXFileReference section */

/* Begin PBXFrameworksBuildPhase section */
		A9A1C7FF1A1A0D2800D0CDA2 /* Frameworks */ = {
			isa = PBXFrameworksBuildPhase;
			buildActionMask = 2147483647;
			files = (
			);
			runOnlyForDeploymentPostprocessing = 0;
		};
		A9A1C8181A1A0D2800D0CDA2 /* Frameworks */ = {
			isa = PBXFrameworksBuildPhase;
			buildActionMask = 2147483647;
			files = (
			);
			runOnlyForDeploymentPostprocessing = 0;
		};
/* End PBXFrameworksBuildPhase section */

/* Begin PBXGroup section */
		A9A1C7F91A1A0D2800D0CDA2 = {
			isa = PBXGroup;
			children = (
				A9A1C8041A1A0D2800D0CDA2 /* 01-加法计算器 */,
				A9A1C81E1A1A0D2900D0CDA2 /* 01-加法计算器Tests */,
				A9A1C8031A1A0D2800D0CDA2 /* Products */,
			);
			sourceTree = "<group>";
		};
		A9A1C8031A1A0D2800D0CDA2 /* Products */ = {
			isa = PBXGroup;
			children = (
				A9A1C8021A1A0D2800D0CDA2 /* 01-加法计算器.app */,
				A9A1C81B1A1A0D2800D0CDA2 /* 01-加法计算器Tests.xctest */,
			);
			name = Products;
			sourceTree = "<group>";
		};
		A9A1C8041A1A0D2800D0CDA2 /* 01-加法计算器 */ = {
			isa = PBXGroup;
			children = (
				A9A1C8091A1A0D2800D0CDA2 /* AppDelegate.h */,
				A9A1C80A1A1A0D2800D0CDA2 /* AppDelegate.m */,
				A9A1C80C1A1A0D2800D0CDA2 /* ViewController.h */,
				A9A1C80D1A1A0D2800D0CDA2 /* ViewController.m */,
				A9A1C80F1A1A0D2800D0CDA2 /* Main.storyboard */,
				A9A1C8121A1A0D2800D0CDA2 /* Images.xcassets */,
				A9A1C8141A1A0D2800D0CDA2 /* LaunchScreen.xib */,
				A9A1C8051A1A0D2800D0CDA2 /* Supporting Files */,
			);
			path = "01-加法计算器";
			sourceTree = "<group>";
		};
		A9A1C8051A1A0D2800D0CDA2 /* Supporting Files */ = {
			isa = PBXGroup;
			children = (
				A9A1C8061A1A0D2800D0CDA2 /* Info.plist */,
				A9A1C8071A1A0D2800D0CDA2 /* main.m */,
			);
			name = "Supporting Files";
			sourceTree = "<group>";
		};
		A9A1C81E1A1A0D2900D0CDA2 /* 01-加法计算器Tests */ = {
			isa = PBXGroup;
			children = (
				A9A1C8211A1A0D2900D0CDA2 /* _1______Tests.m */,
				A9A1C81F1A1A0D2900D0CDA2 /* Supporting Files */,
			);
			path = "01-加法计算器Tests";
			sourceTree = "<group>";
		};
		A9A1C81F1A1A0D2900D0CDA2 /* Supporting Files */ = {
			isa = PBXGroup;
			children = (
				A9A1C8201A1A0D2900D0CDA2 /* Info.plist */,
			);
			name = "Supporting Files";
			sourceTree = "<group>";
		};
/* End PBXGroup section */

/* Begin PBXNativeTarget section */
		A9A1C8011A1A0D2800D0CDA2 /* 01-加法计算器 */ = {
			isa = PBXNativeTarget;
			buildConfigurationList = A9A1C8251A1A0D2900D0CDA2 /* Build configuration list for PBXNativeTarget "01-加法计算器" */;
			buildPhases = (
				A9A1C7FE1A1A0D2800D0CDA2 /* Sources */,
				A9A1C7FF1A1A0D2800D0CDA2 /* Frameworks */,
				A9A1C8001A1A0D2800D0CDA2 /* Resources */,
			);
			buildRules = (
			);
			dependencies = (
			);
			name = "01-加法计算器";
			productName = "01-加法计算器";
			productReference = A9A1C8021A1A0D2800D0CDA2 /* 01-加法计算器.app */;
			productType = "com.apple.product-type.application";
		};
		A9A1C81A1A1A0D2800D0CDA2 /* 01-加法计算器Tests */ = {
			isa = PBXNativeTarget;
			buildConfigurationList = A9A1C8281A1A0D2900D0CDA2 /* Build configuration list for PBXNativeTarget "01-加法计算器Tests" */;
			buildPhases = (
				A9A1C8171A1A0D2800D0CDA2 /* Sources */,
				A9A1C8181A1A0D2800D0CDA2 /* Frameworks */,
				A9A1C8191A1A0D2800D0CDA2 /* Resources */,
			);
			buildRules = (
			);
			dependencies = (
				A9A1C81D1A1A0D2800D0CDA2 /* PBXTargetDependency */,
			);
			name = "01-加法计算器Tests";
			productName = "01-加法计算器Tests";
			productReference = A9A1C81B1A1A0D2800D0CDA2 /* 01-加法计算器Tests.xctest */;
			productType = "com.apple.product-type.bundle.unit-test";
		};
/* End PBXNativeTarget section */

/* Begin PBXProject section */
		A9A1C7FA1A1A0D2800D0CDA2 /* Project object */ = {
			isa = PBXProject;
			attributes = {
				LastUpgradeCheck = 0610;
				ORGANIZATIONNAME = jintao;
				TargetAttributes = {
					A9A1C8011A1A0D2800D0CDA2 = {
						CreatedOnToolsVersion = 6.1;
					};
					A9A1C81A1A1A0D2800D0CDA2 = {
						CreatedOnToolsVersion = 6.1;
						TestTargetID = A9A1C8011A1A0D2800D0CDA2;
					};
				};
			};
			buildConfigurationList = A9A1C7FD1A1A0D2800D0CDA2 /* Build configuration list for PBXProject "01-加法计算器" */;
			compatibilityVersion = "Xcode 3.2";
			developmentRegion = English;
			hasScannedForEncodings = 0;
			knownRegions = (
				en,
				Base,
			);
			mainGroup = A9A1C7F91A1A0D2800D0CDA2;
			productRefGroup = A9A1C8031A1A0D2800D0CDA2 /* Products */;
			projectDirPath = "";
			projectRoot = "";
			targets = (
				A9A1C8011A1A0D2800D0CDA2 /* 01-加法计算器 */,
				A9A1C81A1A1A0D2800D0CDA2 /* 01-加法计算器Tests */,
			);
		};
/* End PBXProject section */

/* Begin PBXResourcesBuildPhase section */
		A9A1C8001A1A0D2800D0CDA2 /* Resources */ = {
			isa = PBXResourcesBuildPhase;
			buildActionMask = 2147483647;
			files = (
				A9A1C8111A1A0D2800D0CDA2 /* Main.storyboard in Resources */,
				A9A1C8161A1A0D2800D0CDA2 /* LaunchScreen.xib in Resources */,
				A9A1C8131A1A0D2800D0CDA2 /* Images.xcassets in Resources */,
			);
			runOnlyForDeploymentPostprocessing = 0;
		};
		A9A1C8191A1A0D2800D0CDA2 /* Resources */ = {
			isa = PBXResourcesBuildPhase;
			buildActionMask = 2147483647;
			files = (
			);
			runOnlyForDeploymentPostprocessing = 0;
		};
/* End PBXResourcesBuildPhase section */

/* Begin PBXSourcesBuildPhase section */
		A9A1C7FE1A1A0D2800D0CDA2 /* Sources */ = {
			isa = PBXSourcesBuildPhase;
			buildActionMask = 2147483647;
			files = (
				A9A1C80E1A1A0D2800D0CDA2 /* ViewController.m in Sources */,
				A9A1C80B1A1A0D2800D0CDA2 /* AppDelegate.m in Sources */,
				A9A1C8081A1A0D2800D0CDA2 /* main.m in Sources */,
			);
			runOnlyForDeploymentPostprocessing = 0;
		};
		A9A1C8171A1A0D2800D0CDA2 /* Sources */ = {
			isa = PBXSourcesBuildPhase;
			buildActionMask = 2147483647;
			files = (
				A9A1C8221A1A0D2900D0CDA2 /* _1______Tests.m in Sources */,
			);
			runOnlyForDeploymentPostprocessing = 0;
		};
/* End PBXSourcesBuildPhase section */

/* Begin PBXTargetDependency section */
		A9A1C81D1A1A0D2800D0CDA2 /* PBXTargetDependency */ = {
			isa = PBXTargetDependency;
			target = A9A1C8011A1A0D2800D0CDA2 /* 01-加法计算器 */;
			targetProxy = A9A1C81C1A1A0D2800D0CDA2 /* PBXContainerItemProxy */;
		};
/* End PBXTargetDependency section */

/* Begin PBXVariantGroup section */
		A9A1C80F1A1A0D2800D0CDA2 /* Main.storyboard */ = {
			isa = PBXVariantGroup;
			children = (
				A9A1C8101A1A0D2800D0CDA2 /* Base */,
			);
			name = Main.storyboard;
			sourceTree = "<group>";
		};
		A9A1C8141A1A0D2800D0CDA2 /* LaunchScreen.xib */ = {
			isa = PBXVariantGroup;
			children = (
				A9A1C8151A1A0D2800D0CDA2 /* Base */,
			);
			name = LaunchScreen.xib;
			sourceTree = "<group>";
		};
/* End PBXVariantGroup section */

/* Begin XCBuildConfiguration section */
		A9A1C8231A1A0D2900D0CDA2 /* Debug */ = {
			isa = XCBuildConfiguration;
			buildSettings = {
				ALWAYS_SEARCH_USER_PATHS = NO;
				CLANG_CXX_LANGUAGE_STANDARD = "gnu++0x";
				CLANG_CXX_LIBRARY = "libc++";
				CLANG_ENABLE_MODULES = YES;
				CLANG_ENABLE_OBJC_ARC = YES;
				CLANG_WARN_BOOL_CONVERSION = YES;
				CLANG_WARN_CONSTANT_CONVERSION = YES;
				CLANG_WARN_DIRECT_OBJC_ISA_USAGE = YES_ERROR;
				CLANG_WARN_EMPTY_BODY = YES;
				CLANG_WARN_ENUM_CONVERSION = YES;
				CLANG_WARN_INT_CONVERSION = YES;
				CLANG_WARN_OBJC_ROOT_CLASS = YES_ERROR;
				CLANG_WARN_UNREACHABLE_CODE = YES;
				CLANG_WARN__DUPLICATE_METHOD_MATCH = YES;
				"CODE_SIGN_IDENTITY[sdk=iphoneos*]" = "iPhone Developer";
				COPY_PHASE_STRIP = NO;
				ENABLE_STRICT_OBJC_MSGSEND = YES;
				GCC_C_LANGUAGE_STANDARD = gnu99;
				GCC_DYNAMIC_NO_PIC = NO;
				GCC_OPTIMIZATION_LEVEL = 0;
				GCC_PREPROCESSOR_DEFINITIONS = (
					"DEBUG=1",
					"$(inherited)",
				);
				GCC_SYMBOLS_PRIVATE_EXTERN = NO;
				GCC_WARN_64_TO_32_BIT_CONVERSION = YES;
				GCC_WARN_ABOUT_RETURN_TYPE = YES_ERROR;
				GCC_WARN_UNDECLARED_SELECTOR = YES;
				GCC_WARN_UNINITIALIZED_AUTOS = YES_AGGRESSIVE;
				GCC_WARN_UNUSED_FUNCTION = YES;
				GCC_WARN_UNUSED_VARIABLE = YES;
				IPHONEOS_DEPLOYMENT_TARGET = 8.1;
				MTL_ENABLE_DEBUG_INFO = YES;
				ONLY_ACTIVE_ARCH = YES;
				SDKROOT = iphoneos;
			};
			name = Debug;
		};
		A9A1C8241A1A0D2900D0CDA2 /* Release */ = {
			isa = XCBuildConfiguration;
			buildSettings = {
				ALWAYS_SEARCH_USER_PATHS = NO;
				CLANG_CXX_LANGUAGE_STANDARD = "gnu++0x";
				CLANG_CXX_LIBRARY = "libc++";
				CLANG_ENABLE_MODULES = YES;
				CLANG_ENABLE_OBJC_ARC = YES;
				CLANG_WARN_BOOL_CONVERSION = YES;
				CLANG_WARN_CONSTANT_CONVERSION = YES;
				CLANG_WARN_DIRECT_OBJC_ISA_USAGE = YES_ERROR;
				CLANG_WARN_EMPTY_BODY = YES;
				CLANG_WARN_ENUM_CONVERSION = YES;
				CLANG_WARN_INT_CONVERSION = YES;
				CLANG_WARN_OBJC_ROOT_CLASS = YES_ERROR;
				CLANG_WARN_UNREACHABLE_CODE = YES;
				CLANG_WARN__DUPLICATE_METHOD_MATCH = YES;
				"CODE_SIGN_IDENTITY[sdk=iphoneos*]" = "iPhone Developer";
				COPY_PHASE_STRIP = YES;
				ENABLE_NS_ASSERTIONS = NO;
				ENABLE_STRICT_OBJC_MSGSEND = YES;
				GCC_C_LANGUAGE_STANDARD = gnu99;
				GCC_WARN_64_TO_32_BIT_CONVERSION = YES;
				GCC_WARN_ABOUT_RETURN_TYPE = YES_ERROR;
				GCC_WARN_UNDECLARED_SELECTOR = YES;
				GCC_WARN_UNINITIALIZED_AUTOS = YES_AGGRESSIVE;
				GCC_WARN_UNUSED_FUNCTION = YES;
				GCC_WARN_UNUSED_VARIABLE = YES;
				IPHONEOS_DEPLOYMENT_TARGET = 8.1;
				MTL_ENABLE_DEBUG_INFO = NO;
				SDKROOT = iphoneos;
				VALIDATE_PRODUCT = YES;
			};
			name = Release;
		};
		A9A1C8261A1A0D2900D0CDA2 /* Debug */ = {
			isa = XCBuildConfiguration;
			buildSettings = {
				ASSETCATALOG_COMPILER_APPICON_NAME = AppIcon;
				INFOPLIST_FILE = "01-加法计算器/Info.plist";
				LD_RUNPATH_SEARCH_PATHS = "$(inherited) @executable_path/Frameworks";
				PRODUCT_NAME = "$(TARGET_NAME)";
			};
			name = Debug;
		};
		A9A1C8271A1A0D2900D0CDA2 /* Release */ = {
			isa = XCBuildConfiguration;
			buildSettings = {
				ASSETCATALOG_COMPILER_APPICON_NAME = AppIcon;
				INFOPLIST_FILE = "01-加法计算器/Info.plist";
				LD_RUNPATH_SEARCH_PATHS = "$(inherited) @executable_path/Frameworks";
				PRODUCT_NAME = "$(TARGET_NAME)";
			};
			name = Release;
		};
		A9A1C8291A1A0D2900D0CDA2 /* Debug */ = {
			isa = XCBuildConfiguration;
			buildSettings = {
				BUNDLE_LOADER = "$(TEST_HOST)";
				FRAMEWORK_SEARCH_PATHS = (
					"$(SDKROOT)/Developer/Library/Frameworks",
					"$(inherited)",
				);
				GCC_PREPROCESSOR_DEFINITIONS = (
					"DEBUG=1",
					"$(inherited)",
				);
				INFOPLIST_FILE = "01-加法计算器Tests/Info.plist";
				LD_RUNPATH_SEARCH_PATHS = "$(inherited) @executable_path/Frameworks @loader_path/Frameworks";
				PRODUCT_NAME = "$(TARGET_NAME)";
				TEST_HOST = "$(BUILT_PRODUCTS_DIR)/01-加法计算器.app/01-加法计算器";
			};
			name = Debug;
		};
		A9A1C82A1A1A0D2900D0CDA2 /* Release */ = {
			isa = XCBuildConfiguration;
			buildSettings = {
				BUNDLE_LOADER = "$(TEST_HOST)";
				FRAMEWORK_SEARCH_PATHS = (
					"$(SDKROOT)/Developer/Library/Frameworks",
					"$(inherited)",
				);
				INFOPLIST_FILE = "01-加法计算器Tests/Info.plist";
				LD_RUNPATH_SEARCH_PATHS = "$(inherited) @executable_path/Frameworks @loader_path/Frameworks";
				PRODUCT_NAME = "$(TARGET_NAME)";
				TEST_HOST = "$(BUILT_PRODUCTS_DIR)/01-加法计算器.app/01-加法计算器";
			};
			name = Release;
		};
/* End XCBuildConfiguration section */

/* Begin XCConfigurationList section */
		A9A1C7FD1A1A0D2800D0CDA2 /* Build configuration list for PBXProject "01-加法计算器" */ = {
			isa = XCConfigurationList;
			buildConfigurations = (
				A9A1C8231A1A0D2900D0CDA2 /* Debug */,
				A9A1C8241A1A0D2900D0CDA2 /* Release */,
			);
			defaultConfigurationIsVisible = 0;
			defaultConfigurationName = Release;
		};
		A9A1C8251A1A0D2900D0CDA2 /* Build configuration list for PBXNativeTarget "01-加法计算器" */ = {
			isa = XCConfigurationList;
			buildConfigurations = (
				A9A1C8261A1A0D2900D0CDA2 /* Debug */,
				A9A1C8271A1A0D2900D0CDA2 /* Release */,
			);
			defaultConfigurationIsVisible = 0;
		};
		A9A1C8281A1A0D2900D0CDA2 /* Build configuration list for PBXNativeTarget "01-加法计算器Tests" */ = {
			isa = XCConfigurationList;
			buildConfigurations = (
				A9A1C8291A1A0D2900D0CDA2 /* Debug */,
				A9A1C82A1A1A0D2900D0CDA2 /* Release */,
			);
			defaultConfigurationIsVisible = 0;
		};
/* End XCConfigurationList section */
	};
	rootObject = A9A1C7FA1A1A0D2800D0CDA2 /* Project object */;
}
