// !$*UTF8*$!
{
	archiveVersion = 1;
	classes = {
	};
	objectVersion = 46;
	objects = {

/* Begin PBXBuildFile section */
		A9536E1B1A2973FA00877C45 /* main.m in Sources */ = {isa = PBXBuildFile; fileRef = A9536E1A1A2973FA00877C45 /* main.m */; };
		A9536E1E1A2973FA00877C45 /* AppDelegate.m in Sources */ = {isa = PBXBuildFile; fileRef = A9536E1D1A2973FA00877C45 /* AppDelegate.m */; };
		A9536E211A2973FA00877C45 /* ViewController.m in Sources */ = {isa = PBXBuildFile; fileRef = A9536E201A2973FA00877C45 /* ViewController.m */; };
		A9536E241A2973FA00877C45 /* Main.storyboard in Resources */ = {isa = PBXBuildFile; fileRef = A9536E221A2973FA00877C45 /* Main.storyboard */; };
		A9536E261A2973FA00877C45 /* Images.xcassets in Resources */ = {isa = PBXBuildFile; fileRef = A9536E251A2973FA00877C45 /* Images.xcassets */; };
		A9536E291A2973FA00877C45 /* LaunchScreen.xib in Resources */ = {isa = PBXBuildFile; fileRef = A9536E271A2973FA00877C45 /* LaunchScreen.xib */; };
		A9536E351A2973FB00877C45 /* _3_transfromTests.m in Sources */ = {isa = PBXBuildFile; fileRef = A9536E341A2973FB00877C45 /* _3_transfromTests.m */; };
/* End PBXBuildFile section */

/* Begin PBXContainerItemProxy section */
		A9536E2F1A2973FB00877C45 /* PBXContainerItemProxy */ = {
			isa = PBXContainerItemProxy;
			containerPortal = A9536E0D1A2973FA00877C45 /* Project object */;
			proxyType = 1;
			remoteGlobalIDString = A9536E141A2973FA00877C45;
			remoteInfo = "03-transfrom";
		};
/* End PBXContainerItemProxy section */

/* Begin PBXFileReference section */
		A9536E151A2973FA00877C45 /* 03-transfrom.app */ = {isa = PBXFileReference; explicitFileType = wrapper.application; includeInIndex = 0; path = "03-transfrom.app"; sourceTree = BUILT_PRODUCTS_DIR; };
		A9536E191A2973FA00877C45 /* Info.plist */ = {isa = PBXFileReference; lastKnownFileType = text.plist.xml; path = Info.plist; sourceTree = "<group>"; };
		A9536E1A1A2973FA00877C45 /* main.m */ = {isa = PBXFileReference; lastKnownFileType = sourcecode.c.objc; path = main.m; sourceTree = "<group>"; };
		A9536E1C1A2973FA00877C45 /* AppDelegate.h */ = {isa = PBXFileReference; lastKnownFileType = sourcecode.c.h; path = AppDelegate.h; sourceTree = "<group>"; };
		A9536E1D1A2973FA00877C45 /* AppDelegate.m */ = {isa = PBXFileReference; lastKnownFileType = sourcecode.c.objc; path = AppDelegate.m; sourceTree = "<group>"; };
		A9536E1F1A2973FA00877C45 /* ViewController.h */ = {isa = PBXFileReference; lastKnownFileType = sourcecode.c.h; path = ViewController.h; sourceTree = "<group>"; };
		A9536E201A2973FA00877C45 /* ViewController.m */ = {isa = PBXFileReference; lastKnownFileType = sourcecode.c.objc; path = ViewController.m; sourceTree = "<group>"; };
		A9536E231A2973FA00877C45 /* Base */ = {isa = PBXFileReference; lastKnownFileType = file.storyboard; name = Base; path = Base.lproj/Main.storyboard; sourceTree = "<group>"; };
		A9536E251A2973FA00877C45 /* Images.xcassets */ = {isa = PBXFileReference; lastKnownFileType = folder.assetcatalog; path = Images.xcassets; sourceTree = "<group>"; };
		A9536E281A2973FA00877C45 /* Base */ = {isa = PBXFileReference; lastKnownFileType = file.xib; name = Base; path = Base.lproj/LaunchScreen.xib; sourceTree = "<group>"; };
		A9536E2E1A2973FB00877C45 /* 03-transfromTests.xctest */ = {isa = PBXFileReference; explicitFileType = wrapper.cfbundle; includeInIndex = 0; path = "03-transfromTests.xctest"; sourceTree = BUILT_PRODUCTS_DIR; };
		A9536E331A2973FB00877C45 /* Info.plist */ = {isa = PBXFileReference; lastKnownFileType = text.plist.xml; path = Info.plist; sourceTree = "<group>"; };
		A9536E341A2973FB00877C45 /* _3_transfromTests.m */ = {isa = PBXFileReference; lastKnownFileType = sourcecode.c.objc; path = _3_transfromTests.m; sourceTree = "<group>"; };
/* End PBXFileReference section */

/* Begin PBXFrameworksBuildPhase section */
		A9536E121A2973FA00877C45 /* Frameworks */ = {
			isa = PBXFrameworksBuildPhase;
			buildActionMask = 2147483647;
			files = (
			);
			runOnlyForDeploymentPostprocessing = 0;
		};
		A9536E2B1A2973FB00877C45 /* Frameworks */ = {
			isa = PBXFrameworksBuildPhase;
			buildActionMask = 2147483647;
			files = (
			);
			runOnlyForDeploymentPostprocessing = 0;
		};
/* End PBXFrameworksBuildPhase section */

/* Begin PBXGroup section */
		A9536E0C1A2973FA00877C45 = {
			isa = PBXGroup;
			children = (
				A9536E171A2973FA00877C45 /* 03-transfrom */,
				A9536E311A2973FB00877C45 /* 03-transfromTests */,
				A9536E161A2973FA00877C45 /* Products */,
			);
			sourceTree = "<group>";
		};
		A9536E161A2973FA00877C45 /* Products */ = {
			isa = PBXGroup;
			children = (
				A9536E151A2973FA00877C45 /* 03-transfrom.app */,
				A9536E2E1A2973FB00877C45 /* 03-transfromTests.xctest */,
			);
			name = Products;
			sourceTree = "<group>";
		};
		A9536E171A2973FA00877C45 /* 03-transfrom */ = {
			isa = PBXGroup;
			children = (
				A9536E1C1A2973FA00877C45 /* AppDelegate.h */,
				A9536E1D1A2973FA00877C45 /* AppDelegate.m */,
				A9536E1F1A2973FA00877C45 /* ViewController.h */,
				A9536E201A2973FA00877C45 /* ViewController.m */,
				A9536E221A2973FA00877C45 /* Main.storyboard */,
				A9536E251A2973FA00877C45 /* Images.xcassets */,
				A9536E271A2973FA00877C45 /* LaunchScreen.xib */,
				A9536E181A2973FA00877C45 /* Supporting Files */,
			);
			path = "03-transfrom";
			sourceTree = "<group>";
		};
		A9536E181A2973FA00877C45 /* Supporting Files */ = {
			isa = PBXGroup;
			children = (
				A9536E191A2973FA00877C45 /* Info.plist */,
				A9536E1A1A2973FA00877C45 /* main.m */,
			);
			name = "Supporting Files";
			sourceTree = "<group>";
		};
		A9536E311A2973FB00877C45 /* 03-transfromTests */ = {
			isa = PBXGroup;
			children = (
				A9536E341A2973FB00877C45 /* _3_transfromTests.m */,
				A9536E321A2973FB00877C45 /* Supporting Files */,
			);
			path = "03-transfromTests";
			sourceTree = "<group>";
		};
		A9536E321A2973FB00877C45 /* Supporting Files */ = {
			isa = PBXGroup;
			children = (
				A9536E331A2973FB00877C45 /* Info.plist */,
			);
			name = "Supporting Files";
			sourceTree = "<group>";
		};
/* End PBXGroup section */

/* Begin PBXNativeTarget section */
		A9536E141A2973FA00877C45 /* 03-transfrom */ = {
			isa = PBXNativeTarget;
			buildConfigurationList = A9536E381A2973FB00877C45 /* Build configuration list for PBXNativeTarget "03-transfrom" */;
			buildPhases = (
				A9536E111A2973FA00877C45 /* Sources */,
				A9536E121A2973FA00877C45 /* Frameworks */,
				A9536E131A2973FA00877C45 /* Resources */,
			);
			buildRules = (
			);
			dependencies = (
			);
			name = "03-transfrom";
			productName = "03-transfrom";
			productReference = A9536E151A2973FA00877C45 /* 03-transfrom.app */;
			productType = "com.apple.product-type.application";
		};
		A9536E2D1A2973FB00877C45 /* 03-transfromTests */ = {
			isa = PBXNativeTarget;
			buildConfigurationList = A9536E3B1A2973FB00877C45 /* Build configuration list for PBXNativeTarget "03-transfromTests" */;
			buildPhases = (
				A9536E2A1A2973FB00877C45 /* Sources */,
				A9536E2B1A2973FB00877C45 /* Frameworks */,
				A9536E2C1A2973FB00877C45 /* Resources */,
			);
			buildRules = (
			);
			dependencies = (
				A9536E301A2973FB00877C45 /* PBXTargetDependency */,
			);
			name = "03-transfromTests";
			productName = "03-transfromTests";
			productReference = A9536E2E1A2973FB00877C45 /* 03-transfromTests.xctest */;
			productType = "com.apple.product-type.bundle.unit-test";
		};
/* End PBXNativeTarget section */

/* Begin PBXProject section */
		A9536E0D1A2973FA00877C45 /* Project object */ = {
			isa = PBXProject;
			attributes = {
				LastUpgradeCheck = 0610;
				ORGANIZATIONNAME = jintao;
				TargetAttributes = {
					A9536E141A2973FA00877C45 = {
						CreatedOnToolsVersion = 6.1;
					};
					A9536E2D1A2973FB00877C45 = {
						CreatedOnToolsVersion = 6.1;
						TestTargetID = A9536E141A2973FA00877C45;
					};
				};
			};
			buildConfigurationList = A9536E101A2973FA00877C45 /* Build configuration list for PBXProject "03-transfrom" */;
			compatibilityVersion = "Xcode 3.2";
			developmentRegion = English;
			hasScannedForEncodings = 0;
			knownRegions = (
				en,
				Base,
			);
			mainGroup = A9536E0C1A2973FA00877C45;
			productRefGroup = A9536E161A2973FA00877C45 /* Products */;
			projectDirPath = "";
			projectRoot = "";
			targets = (
				A9536E141A2973FA00877C45 /* 03-transfrom */,
				A9536E2D1A2973FB00877C45 /* 03-transfromTests */,
			);
		};
/* End PBXProject section */

/* Begin PBXResourcesBuildPhase section */
		A9536E131A2973FA00877C45 /* Resources */ = {
			isa = PBXResourcesBuildPhase;
			buildActionMask = 2147483647;
			files = (
				A9536E241A2973FA00877C45 /* Main.storyboard in Resources */,
				A9536E291A2973FA00877C45 /* LaunchScreen.xib in Resources */,
				A9536E261A2973FA00877C45 /* Images.xcassets in Resources */,
			);
			runOnlyForDeploymentPostprocessing = 0;
		};
		A9536E2C1A2973FB00877C45 /* Resources */ = {
			isa = PBXResourcesBuildPhase;
			buildActionMask = 2147483647;
			files = (
			);
			runOnlyForDeploymentPostprocessing = 0;
		};
/* End PBXResourcesBuildPhase section */

/* Begin PBXSourcesBuildPhase section */
		A9536E111A2973FA00877C45 /* Sources */ = {
			isa = PBXSourcesBuildPhase;
			buildActionMask = 2147483647;
			files = (
				A9536E211A2973FA00877C45 /* ViewController.m in Sources */,
				A9536E1E1A2973FA00877C45 /* AppDelegate.m in Sources */,
				A9536E1B1A2973FA00877C45 /* main.m in Sources */,
			);
			runOnlyForDeploymentPostprocessing = 0;
		};
		A9536E2A1A2973FB00877C45 /* Sources */ = {
			isa = PBXSourcesBuildPhase;
			buildActionMask = 2147483647;
			files = (
				A9536E351A2973FB00877C45 /* _3_transfromTests.m in Sources */,
			);
			runOnlyForDeploymentPostprocessing = 0;
		};
/* End PBXSourcesBuildPhase section */

/* Begin PBXTargetDependency section */
		A9536E301A2973FB00877C45 /* PBXTargetDependency */ = {
			isa = PBXTargetDependency;
			target = A9536E141A2973FA00877C45 /* 03-transfrom */;
			targetProxy = A9536E2F1A2973FB00877C45 /* PBXContainerItemProxy */;
		};
/* End PBXTargetDependency section */

/* Begin PBXVariantGroup section */
		A9536E221A2973FA00877C45 /* Main.storyboard */ = {
			isa = PBXVariantGroup;
			children = (
				A9536E231A2973FA00877C45 /* Base */,
			);
			name = Main.storyboard;
			sourceTree = "<group>";
		};
		A9536E271A2973FA00877C45 /* LaunchScreen.xib */ = {
			isa = PBXVariantGroup;
			children = (
				A9536E281A2973FA00877C45 /* Base */,
			);
			name = LaunchScreen.xib;
			sourceTree = "<group>";
		};
/* End PBXVariantGroup section */

/* Begin XCBuildConfiguration section */
		A9536E361A2973FB00877C45 /* Debug */ = {
			isa = XCBuildConfiguration;
			buildSettings = {
				ALWAYS_SEARCH_USER_PATHS = NO;
				CLANG_CXX_LANGUAGE_STANDARD = "gnu++0x";
				CLANG_CXX_LIBRARY = "libc++";
				CLANG_ENABLE_MODULES = YES;
				CLANG_ENABLE_OBJC_ARC = YES;
				CLANG_WARN_BOOL_CONVERSION = YES;
				CLANG_WARN_CONSTANT_CONVERSION = YES;
				CLANG_WARN_DIRECT_OBJC_ISA_USAGE = YES_ERROR;
				CLANG_WARN_EMPTY_BODY = YES;
				CLANG_WARN_ENUM_CONVERSION = YES;
				CLANG_WARN_INT_CONVERSION = YES;
				CLANG_WARN_OBJC_ROOT_CLASS = YES_ERROR;
				CLANG_WARN_UNREACHABLE_CODE = YES;
				CLANG_WARN__DUPLICATE_METHOD_MATCH = YES;
				"CODE_SIGN_IDENTITY[sdk=iphoneos*]" = "iPhone Developer";
				COPY_PHASE_STRIP = NO;
				ENABLE_STRICT_OBJC_MSGSEND = YES;
				GCC_C_LANGUAGE_STANDARD = gnu99;
				GCC_DYNAMIC_NO_PIC = NO;
				GCC_OPTIMIZATION_LEVEL = 0;
				GCC_PREPROCESSOR_DEFINITIONS = (
					"DEBUG=1",
					"$(inherited)",
				);
				GCC_SYMBOLS_PRIVATE_EXTERN = NO;
				GCC_WARN_64_TO_32_BIT_CONVERSION = YES;
				GCC_WARN_ABOUT_RETURN_TYPE = YES_ERROR;
				GCC_WARN_UNDECLARED_SELECTOR = YES;
				GCC_WARN_UNINITIALIZED_AUTOS = YES_AGGRESSIVE;
				GCC_WARN_UNUSED_FUNCTION = YES;
				GCC_WARN_UNUSED_VARIABLE = YES;
				IPHONEOS_DEPLOYMENT_TARGET = 8.1;
				MTL_ENABLE_DEBUG_INFO = YES;
				ONLY_ACTIVE_ARCH = YES;
				SDKROOT = iphoneos;
			};
			name = Debug;
		};
		A9536E371A2973FB00877C45 /* Release */ = {
			isa = XCBuildConfiguration;
			buildSettings = {
				ALWAYS_SEARCH_USER_PATHS = NO;
				CLANG_CXX_LANGUAGE_STANDARD = "gnu++0x";
				CLANG_CXX_LIBRARY = "libc++";
				CLANG_ENABLE_MODULES = YES;
				CLANG_ENABLE_OBJC_ARC = YES;
				CLANG_WARN_BOOL_CONVERSION = YES;
				CLANG_WARN_CONSTANT_CONVERSION = YES;
				CLANG_WARN_DIRECT_OBJC_ISA_USAGE = YES_ERROR;
				CLANG_WARN_EMPTY_BODY = YES;
				CLANG_WARN_ENUM_CONVERSION = YES;
				CLANG_WARN_INT_CONVERSION = YES;
				CLANG_WARN_OBJC_ROOT_CLASS = YES_ERROR;
				CLANG_WARN_UNREACHABLE_CODE = YES;
				CLANG_WARN__DUPLICATE_METHOD_MATCH = YES;
				"CODE_SIGN_IDENTITY[sdk=iphoneos*]" = "iPhone Developer";
				COPY_PHASE_STRIP = YES;
				ENABLE_NS_ASSERTIONS = NO;
				ENABLE_STRICT_OBJC_MSGSEND = YES;
				GCC_C_LANGUAGE_STANDARD = gnu99;
				GCC_WARN_64_TO_32_BIT_CONVERSION = YES;
				GCC_WARN_ABOUT_RETURN_TYPE = YES_ERROR;
				GCC_WARN_UNDECLARED_SELECTOR = YES;
				GCC_WARN_UNINITIALIZED_AUTOS = YES_AGGRESSIVE;
				GCC_WARN_UNUSED_FUNCTION = YES;
				GCC_WARN_UNUSED_VARIABLE = YES;
				IPHONEOS_DEPLOYMENT_TARGET = 8.1;
				MTL_ENABLE_DEBUG_INFO = NO;
				SDKROOT = iphoneos;
				VALIDATE_PRODUCT = YES;
			};
			name = Release;
		};
		A9536E391A2973FB00877C45 /* Debug */ = {
			isa = XCBuildConfiguration;
			buildSettings = {
				ASSETCATALOG_COMPILER_APPICON_NAME = AppIcon;
				INFOPLIST_FILE = "03-transfrom/Info.plist";
				LD_RUNPATH_SEARCH_PATHS = "$(inherited) @executable_path/Frameworks";
				PRODUCT_NAME = "$(TARGET_NAME)";
			};
			name = Debug;
		};
		A9536E3A1A2973FB00877C45 /* Release */ = {
			isa = XCBuildConfiguration;
			buildSettings = {
				ASSETCATALOG_COMPILER_APPICON_NAME = AppIcon;
				INFOPLIST_FILE = "03-transfrom/Info.plist";
				LD_RUNPATH_SEARCH_PATHS = "$(inherited) @executable_path/Frameworks";
				PRODUCT_NAME = "$(TARGET_NAME)";
			};
			name = Release;
		};
		A9536E3C1A2973FB00877C45 /* Debug */ = {
			isa = XCBuildConfiguration;
			buildSettings = {
				BUNDLE_LOADER = "$(TEST_HOST)";
				FRAMEWORK_SEARCH_PATHS = (
					"$(SDKROOT)/Developer/Library/Frameworks",
					"$(inherited)",
				);
				GCC_PREPROCESSOR_DEFINITIONS = (
					"DEBUG=1",
					"$(inherited)",
				);
				INFOPLIST_FILE = "03-transfromTests/Info.plist";
				LD_RUNPATH_SEARCH_PATHS = "$(inherited) @executable_path/Frameworks @loader_path/Frameworks";
				PRODUCT_NAME = "$(TARGET_NAME)";
				TEST_HOST = "$(BUILT_PRODUCTS_DIR)/03-transfrom.app/03-transfrom";
			};
			name = Debug;
		};
		A9536E3D1A2973FB00877C45 /* Release */ = {
			isa = XCBuildConfiguration;
			buildSettings = {
				BUNDLE_LOADER = "$(TEST_HOST)";
				FRAMEWORK_SEARCH_PATHS = (
					"$(SDKROOT)/Developer/Library/Frameworks",
					"$(inherited)",
				);
				INFOPLIST_FILE = "03-transfromTests/Info.plist";
				LD_RUNPATH_SEARCH_PATHS = "$(inherited) @executable_path/Frameworks @loader_path/Frameworks";
				PRODUCT_NAME = "$(TARGET_NAME)";
				TEST_HOST = "$(BUILT_PRODUCTS_DIR)/03-transfrom.app/03-transfrom";
			};
			name = Release;
		};
/* End XCBuildConfiguration section */

/* Begin XCConfigurationList section */
		A9536E101A2973FA00877C45 /* Build configuration list for PBXProject "03-transfrom" */ = {
			isa = XCConfigurationList;
			buildConfigurations = (
				A9536E361A2973FB00877C45 /* Debug */,
				A9536E371A2973FB00877C45 /* Release */,
			);
			defaultConfigurationIsVisible = 0;
			defaultConfigurationName = Release;
		};
		A9536E381A2973FB00877C45 /* Build configuration list for PBXNativeTarget "03-transfrom" */ = {
			isa = XCConfigurationList;
			buildConfigurations = (
				A9536E391A2973FB00877C45 /* Debug */,
				A9536E3A1A2973FB00877C45 /* Release */,
			);
			defaultConfigurationIsVisible = 0;
		};
		A9536E3B1A2973FB00877C45 /* Build configuration list for PBXNativeTarget "03-transfromTests" */ = {
			isa = XCConfigurationList;
			buildConfigurations = (
				A9536E3C1A2973FB00877C45 /* Debug */,
				A9536E3D1A2973FB00877C45 /* Release */,
			);
			defaultConfigurationIsVisible = 0;
		};
/* End XCConfigurationList section */
	};
	rootObject = A9536E0D1A2973FA00877C45 /* Project object */;
}
